
Microsoft Visual Studio Solution File, Format Version 12.00
# Visual Studio Version 16
VisualStudioVersion = 16.0.31911.196
MinimumVisualStudioVersion = 10.0.40219.1
Project("{FAE04EC0-301F-11D3-BF4B-00C04F79EFBC}") = "SignatureSample", "SignatureSample.csproj", "{7B827219-67AC-4CC0-9731-5F54776B15DA}"
EndProject
Global
	GlobalSection(SolutionConfigurationPlatforms) = preSolution
		Debug|Any CPU = Debug|Any CPU
		Release|Any CPU = Release|Any CPU
	EndGlobalSection
	GlobalSection(ProjectConfigurationPlatforms) = postSolution
		{7B827219-67AC-4CC0-9731-5F54776B15DA}.Debug|Any CPU.ActiveCfg = Debug|Any CPU
		{7B827219-67AC-4CC0-9731-5F54776B15DA}.Debug|Any CPU.Build.0 = Debug|Any CPU
		{7B827219-67AC-4CC0-9731-5F54776B15DA}.Release|Any CPU.ActiveCfg = Release|Any CPU
		{7B827219-67AC-4CC0-9731-5F54776B15DA}.Release|Any CPU.Build.0 = Release|Any CPU
	EndGlobalSection
	GlobalSection(SolutionProperties) = preSolution
		HideSolutionNode = FALSE
	EndGlobalSection
	GlobalSection(ExtensibilityGlobals) = postSolution
		SolutionGuid = {44879705-79DF-49DC-A730-D0331F25628E}
	EndGlobalSection
EndGlobal
